{
  "version": 4,
  "terraform_version": "1.13.4",
  "serial": 20,
  "lineage": "8c387da2-1a30-7fae-9bc9-41d0da5a3683",
  "outputs": {},
  "resources": [
    {
      "mode": "data",
      "type": "coralogix_tco_policies_logs",
      "name": "existing",
      "provider": "provider[\"registry.terraform.io/coralogix/coralogix\"]",
      "instances": [
        {
          "schema_version": 0,
          "attributes": {
            "id": null,
            "policies": [
              {
                "applications": null,
                "archive_retention_id": null,
                "description": "goes to High priority. High priority means hot storage. Fast search. Instant results.",
                "dpxl_expression": null,
                "enabled": true,
                "id": "ebd4ae25-f9ef-4746-8e7e-c7a8cc414af0",
                "name": "Payment Service, severity ERROR or CRITICAL",
                "order": 1,
                "priority": null,
                "quota_based_priority_override": null,
                "severities": [
                  "critical",
                  "debug",
                  "error",
                  "info",
                  "verbose",
                  "warning"
                ],
                "subsystems": {
                  "names": [
                    "payment"
                  ],
                  "rule_type": "is"
                },
                "targets": [
                  {
                    "archive_retention_id": null,
                    "dataset": "logs",
                    "dataspace": "default",
                    "priority": "high",
                    "priority_override": null
                  }
                ]
              },
              {
                "applications": null,
                "archive_retention_id": null,
                "description": "Low priority means archive. Still queryable. Still alertable. Just not instant.",
                "dpxl_expression": null,
                "enabled": true,
                "id": "5a67a374-0390-40cf-94b7-e97484c7fd73",
                "name": "All Kubernetes health checks",
                "order": 2,
                "priority": null,
                "quota_based_priority_override": null,
                "severities": [
                  "critical",
                  "debug",
                  "error",
                  "info",
                  "verbose",
                  "warning"
                ],
                "subsystems": {
                  "names": [
                    "kube-events"
                  ],
                  "rule_type": "is"
                },
                "targets": [
                  {
                    "archive_retention_id": null,
                    "dataset": "logs",
                    "dataspace": "default",
                    "priority": "low",
                    "priority_override": null
                  }
                ]
              },
              {
                "applications": {
                  "names": [
                    "zee-test"
                  ],
                  "rule_type": "is"
                },
                "archive_retention_id": null,
                "description": "TCO policy to block logs for application 'zee-test' (limit: 10)",
                "dpxl_expression": null,
                "enabled": false,
                "id": "5db4664a-1cbf-442c-96f9-4333918c72d5",
                "name": "zee-test - Alert Managed Webhook",
                "order": 3,
                "priority": "block",
                "quota_based_priority_override": null,
                "severities": [
                  "critical",
                  "debug",
                  "error",
                  "info",
                  "verbose",
                  "warning"
                ],
                "subsystems": null,
                "targets": null
              },
              {
                "applications": null,
                "archive_retention_id": null,
                "description": "",
                "dpxl_expression": null,
                "enabled": false,
                "id": "befee9b6-a2df-4760-a4d4-20b2ae962245",
                "name": "cx-rum - Subsystem Alert Managed Webhook",
                "order": 4,
                "priority": "block",
                "quota_based_priority_override": null,
                "severities": [
                  "critical",
                  "debug",
                  "error",
                  "info",
                  "verbose",
                  "warning"
                ],
                "subsystems": {
                  "names": [
                    "cx-rum"
                  ],
                  "rule_type": "starts_with"
                },
                "targets": null
              }
            ]
          },
          "sensitive_attributes": [],
          "identity_schema_version": 0
        }
      ]
    },
    {
      "mode": "managed",
      "type": "coralogix_alert",
      "name": "app_high_usage_block",
      "provider": "provider[\"registry.terraform.io/coralogix/coralogix\"]",
      "instances": [
        {
          "index_key": "zee-test",
          "schema_version": 3,
          "attributes": {
            "data_sources": null,
            "deleted": false,
            "description": "App 'zee-test' usage \u003e 10. Enables TCO Policy to BLOCK logs.",
            "enabled": true,
            "group_by": null,
            "id": "f7be91ca-9ef2-49ad-bdfd-977e4d42cb0a",
            "incidents_settings": {
              "notify_on": "Triggered Only",
              "retriggering_period": {
                "minutes": 10
              }
            },
            "labels": {
              "alert_type": "tco_quarantine",
              "application_name": "zee-test",
              "policy_scope": "application"
            },
            "name": "zee-test_App_HighUsage_BlockLogs",
            "notification_group": {
              "destinations": null,
              "group_by_keys": null,
              "router": null,
              "webhooks_settings": [
                {
                  "integration_id": "559912",
                  "notify_on": "Triggered Only",
                  "recipients": null,
                  "retriggering_period": {
                    "minutes": 60
                  }
                }
              ]
            },
            "phantom_mode": false,
            "priority": "P1",
            "schedule": null,
            "type_definition": {
              "flow": null,
              "logs_anomaly": null,
              "logs_immediate": null,
              "logs_new_value": null,
              "logs_ratio_threshold": null,
              "logs_threshold": null,
              "logs_time_relative_threshold": null,
              "logs_unique_count": null,
              "metric_anomaly": null,
              "metric_threshold": {
                "custom_evaluation_delay": null,
                "metric_filter": {
                  "promql": "sum(cx_data_usage_units{application_name=~\"zee-test\", pillar=\"logs\"})"
                },
                "missing_values": {
                  "min_non_null_values_pct": 100,
                  "replace_with_zero": null
                },
                "no_data_policy": {
                  "auto_retire_seconds": null,
                  "state": null
                },
                "rules": [
                  {
                    "condition": {
                      "condition_type": "MORE_THAN",
                      "for_over_pct": 100,
                      "of_the_last": "5_MINUTES",
                      "threshold": 10
                    },
                    "override": {
                      "priority": "P1"
                    }
                  }
                ],
                "undetected_values_management": {
                  "auto_retire_timeframe": "NEVER",
                  "trigger_undetected_values": false
                }
              },
              "slo_threshold": null,
              "tracing_immediate": null,
              "tracing_threshold": null
            }
          },
          "sensitive_attributes": [],
          "identity_schema_version": 0,
          "dependencies": [
            "coralogix_tco_policies_logs.apps",
            "coralogix_webhook.enable_tco_policy_app",
            "data.coralogix_tco_policies_logs.existing"
          ]
        }
      ]
    },
    {
      "mode": "managed",
      "type": "coralogix_alert",
      "name": "global_low_usage_recovery",
      "provider": "provider[\"registry.terraform.io/coralogix/coralogix\"]",
      "instances": [
        {
          "schema_version": 3,
          "attributes": {
            "data_sources": null,
            "deleted": false,
            "description": "Total usage \u003c 15. Disables ALL TCO Policies (apps + subsystems).",
            "enabled": true,
            "group_by": null,
            "id": "610750f4-e7da-478e-b94d-2d51a40d2ce9",
            "incidents_settings": {
              "notify_on": "Triggered Only",
              "retriggering_period": {
                "minutes": 10
              }
            },
            "labels": {
              "alert_type": "tco_recovery"
            },
            "name": "Global_System_Recovery_UnblockAll",
            "notification_group": {
              "destinations": null,
              "group_by_keys": null,
              "router": null,
              "webhooks_settings": [
                {
                  "integration_id": "559911",
                  "notify_on": "Triggered Only",
                  "recipients": null,
                  "retriggering_period": {
                    "minutes": 1440
                  }
                },
                {
                  "integration_id": "559914",
                  "notify_on": "Triggered Only",
                  "recipients": null,
                  "retriggering_period": {
                    "minutes": 1440
                  }
                }
              ]
            },
            "phantom_mode": false,
            "priority": "P2",
            "schedule": null,
            "type_definition": {
              "flow": null,
              "logs_anomaly": null,
              "logs_immediate": null,
              "logs_new_value": null,
              "logs_ratio_threshold": null,
              "logs_threshold": null,
              "logs_time_relative_threshold": null,
              "logs_unique_count": null,
              "metric_anomaly": null,
              "metric_threshold": {
                "custom_evaluation_delay": null,
                "metric_filter": {
                  "promql": "sum(cx_data_usage_units{pillar=\"logs\"})"
                },
                "missing_values": {
                  "min_non_null_values_pct": 0,
                  "replace_with_zero": null
                },
                "no_data_policy": {
                  "auto_retire_seconds": null,
                  "state": null
                },
                "rules": [
                  {
                    "condition": {
                      "condition_type": "LESS_THAN",
                      "for_over_pct": 100,
                      "of_the_last": "10_MINUTES",
                      "threshold": 15
                    },
                    "override": {
                      "priority": "P3"
                    }
                  }
                ],
                "undetected_values_management": {
                  "auto_retire_timeframe": "NEVER",
                  "trigger_undetected_values": false
                }
              },
              "slo_threshold": null,
              "tracing_immediate": null,
              "tracing_threshold": null
            }
          },
          "sensitive_attributes": [],
          "identity_schema_version": 0,
          "dependencies": [
            "coralogix_tco_policies_logs.apps",
            "coralogix_webhook.disable_tco_policy_app",
            "coralogix_webhook.disable_tco_policy_subsystem",
            "data.coralogix_tco_policies_logs.existing"
          ]
        }
      ]
    },
    {
      "mode": "managed",
      "type": "coralogix_alert",
      "name": "subsystem_high_usage_block",
      "provider": "provider[\"registry.terraform.io/coralogix/coralogix\"]",
      "instances": [
        {
          "index_key": "cx-rum",
          "schema_version": 3,
          "attributes": {
            "data_sources": null,
            "deleted": false,
            "description": "Subsystem 'cx-rum' usage \u003e 5. Enables TCO Policy to BLOCK logs.",
            "enabled": true,
            "group_by": null,
            "id": "01c4534d-3446-4ed4-b529-f8cdab2c74ef",
            "incidents_settings": {
              "notify_on": "Triggered Only",
              "retriggering_period": {
                "minutes": 10
              }
            },
            "labels": {
              "alert_type": "tco_quarantine",
              "policy_scope": "subsystem",
              "subsystem_name": "cx-rum"
            },
            "name": "cx-rum_Subsystem_HighUsage_BlockLogs",
            "notification_group": {
              "destinations": null,
              "group_by_keys": null,
              "router": null,
              "webhooks_settings": [
                {
                  "integration_id": "559913",
                  "notify_on": "Triggered Only",
                  "recipients": null,
                  "retriggering_period": {
                    "minutes": 60
                  }
                }
              ]
            },
            "phantom_mode": false,
            "priority": "P1",
            "schedule": null,
            "type_definition": {
              "flow": null,
              "logs_anomaly": null,
              "logs_immediate": null,
              "logs_new_value": null,
              "logs_ratio_threshold": null,
              "logs_threshold": null,
              "logs_time_relative_threshold": null,
              "logs_unique_count": null,
              "metric_anomaly": null,
              "metric_threshold": {
                "custom_evaluation_delay": null,
                "metric_filter": {
                  "promql": "sum(cx_data_usage_units{subsystem_name=~\"cx-rum\", pillar=\"logs\"})"
                },
                "missing_values": {
                  "min_non_null_values_pct": 100,
                  "replace_with_zero": null
                },
                "no_data_policy": {
                  "auto_retire_seconds": null,
                  "state": null
                },
                "rules": [
                  {
                    "condition": {
                      "condition_type": "MORE_THAN",
                      "for_over_pct": 100,
                      "of_the_last": "5_MINUTES",
                      "threshold": 5
                    },
                    "override": {
                      "priority": "P1"
                    }
                  }
                ],
                "undetected_values_management": {
                  "auto_retire_timeframe": "NEVER",
                  "trigger_undetected_values": false
                }
              },
              "slo_threshold": null,
              "tracing_immediate": null,
              "tracing_threshold": null
            }
          },
          "sensitive_attributes": [],
          "identity_schema_version": 0,
          "dependencies": [
            "coralogix_tco_policies_logs.apps",
            "coralogix_webhook.enable_tco_policy_subsystem",
            "data.coralogix_tco_policies_logs.existing"
          ]
        }
      ]
    },
    {
      "mode": "managed",
      "type": "coralogix_tco_policies_logs",
      "name": "apps",
      "provider": "provider[\"registry.terraform.io/coralogix/coralogix\"]",
      "instances": [
        {
          "schema_version": 0,
          "attributes": {
            "id": null,
            "policies": [
              {
                "applications": null,
                "archive_retention_id": null,
                "description": "goes to High priority. High priority means hot storage. Fast search. Instant results.",
                "dpxl_expression": null,
                "enabled": true,
                "id": "b407be88-3329-463f-88f5-4155ff5b9c37",
                "name": "Payment Service, severity ERROR or CRITICAL",
                "order": 1,
                "priority": null,
                "quota_based_priority_override": null,
                "severities": [
                  "critical",
                  "debug",
                  "error",
                  "info",
                  "verbose",
                  "warning"
                ],
                "subsystems": {
                  "names": [
                    "payment"
                  ],
                  "rule_type": "is"
                },
                "targets": [
                  {
                    "archive_retention_id": null,
                    "dataset": "logs",
                    "dataspace": "default",
                    "priority": "high",
                    "priority_override": null
                  }
                ]
              },
              {
                "applications": null,
                "archive_retention_id": null,
                "description": "Low priority means archive. Still queryable. Still alertable. Just not instant.",
                "dpxl_expression": null,
                "enabled": true,
                "id": "b973003b-7640-475a-b979-42718e5a2c27",
                "name": "All Kubernetes health checks",
                "order": 2,
                "priority": null,
                "quota_based_priority_override": null,
                "severities": [
                  "critical",
                  "debug",
                  "error",
                  "info",
                  "verbose",
                  "warning"
                ],
                "subsystems": {
                  "names": [
                    "kube-events"
                  ],
                  "rule_type": "is"
                },
                "targets": [
                  {
                    "archive_retention_id": null,
                    "dataset": "logs",
                    "dataspace": "default",
                    "priority": "low",
                    "priority_override": null
                  }
                ]
              },
              {
                "applications": {
                  "names": [
                    "zee-test"
                  ],
                  "rule_type": "is"
                },
                "archive_retention_id": null,
                "description": "TCO policy to block logs for application 'zee-test' (limit: 10)",
                "dpxl_expression": null,
                "enabled": false,
                "id": "00d5d7a9-2995-4028-8ca6-9bd01548afd7",
                "name": "zee-test - Alert Managed Webhook",
                "order": 3,
                "priority": "block",
                "quota_based_priority_override": null,
                "severities": [
                  "critical",
                  "debug",
                  "error",
                  "info",
                  "verbose",
                  "warning"
                ],
                "subsystems": null,
                "targets": null
              },
              {
                "applications": null,
                "archive_retention_id": null,
                "description": "TCO policy to block logs for subsystem 'cx-rum' (limit: 5)",
                "dpxl_expression": null,
                "enabled": false,
                "id": "b461d186-03f5-4d14-8ba7-fb666fb66a04",
                "name": "cx-rum - Subsystem Alert Managed Webhook",
                "order": 4,
                "priority": "block",
                "quota_based_priority_override": null,
                "severities": [
                  "critical",
                  "debug",
                  "error",
                  "info",
                  "verbose",
                  "warning"
                ],
                "subsystems": {
                  "names": [
                    "cx-rum"
                  ],
                  "rule_type": "is"
                },
                "targets": null
              }
            ]
          },
          "sensitive_attributes": [],
          "identity_schema_version": 0,
          "dependencies": [
            "data.coralogix_tco_policies_logs.existing"
          ]
        }
      ]
    },
    {
      "mode": "managed",
      "type": "coralogix_webhook",
      "name": "disable_tco_policy_app",
      "provider": "provider[\"registry.terraform.io/coralogix/coralogix\"]",
      "instances": [
        {
          "index_key": "zee-test",
          "schema_version": 0,
          "attributes": {
            "custom": {
              "headers": {
                "Authorization": "Bearer cxtp_ECljKMJH3IawafTn7QoJKShVziEzq9",
                "Content-Type": "application/json"
              },
              "headers_wo": null,
              "headers_wo_versions": null,
              "method": "put",
              "payload": "{\"applicationName\":{\"rule\":\"zee-test\",\"type\":\"Starts With\"},\"enabled\":false,\"name\":\"zee-test - Alert Managed Webhook\",\"order\":1,\"priority\":\"block\",\"severities\":[1,2,3,4,5,6]}",
              "url": "https://api.coralogix.in/api/v1/external/tco/policies/00d5d7a9-2995-4028-8ca6-9bd01548afd7",
              "uuid": "6bcf4ed9-2f3d-4145-99bb-2831b7ec9c3f"
            },
            "demisto": null,
            "email_group": null,
            "event_bridge": null,
            "external_id": "559911",
            "id": "121fd87d-35ea-4e50-8c52-8da515387c4e",
            "jira": null,
            "microsoft_teams": null,
            "microsoft_teams_workflow": null,
            "name": "Disable-TCO-App-AllowLogs-zee-test",
            "opsgenie": null,
            "pager_duty": null,
            "sendlog": null,
            "slack": null
          },
          "sensitive_attributes": [
            [
              {
                "type": "get_attr",
                "value": "custom"
              },
              {
                "type": "get_attr",
                "value": "headers"
              },
              {
                "type": "index",
                "value": {
                  "value": "Authorization",
                  "type": "string"
                }
              }
            ]
          ],
          "identity_schema_version": 0,
          "dependencies": [
            "coralogix_tco_policies_logs.apps",
            "data.coralogix_tco_policies_logs.existing"
          ]
        }
      ]
    },
    {
      "mode": "managed",
      "type": "coralogix_webhook",
      "name": "disable_tco_policy_subsystem",
      "provider": "provider[\"registry.terraform.io/coralogix/coralogix\"]",
      "instances": [
        {
          "index_key": "cx-rum",
          "schema_version": 0,
          "attributes": {
            "custom": {
              "headers": {
                "Authorization": "Bearer cxtp_ECljKMJH3IawafTn7QoJKShVziEzq9",
                "Content-Type": "application/json"
              },
              "headers_wo": null,
              "headers_wo_versions": null,
              "method": "put",
              "payload": "{\"enabled\":false,\"name\":\"cx-rum - Subsystem Alert Managed Webhook\",\"order\":1,\"priority\":\"block\",\"severities\":[1,2,3,4,5,6],\"subsystemName\":{\"rule\":\"cx-rum\",\"type\":\"Starts With\"}}",
              "url": "https://api.coralogix.in/api/v1/external/tco/policies/b461d186-03f5-4d14-8ba7-fb666fb66a04",
              "uuid": "70590ff7-f97e-4f37-9212-529564f258f5"
            },
            "demisto": null,
            "email_group": null,
            "event_bridge": null,
            "external_id": "559914",
            "id": "218c6598-471e-40b6-ac6d-052921f653ce",
            "jira": null,
            "microsoft_teams": null,
            "microsoft_teams_workflow": null,
            "name": "Disable-TCO-Subsystem-AllowLogs-cx-rum",
            "opsgenie": null,
            "pager_duty": null,
            "sendlog": null,
            "slack": null
          },
          "sensitive_attributes": [
            [
              {
                "type": "get_attr",
                "value": "custom"
              },
              {
                "type": "get_attr",
                "value": "headers"
              },
              {
                "type": "index",
                "value": {
                  "value": "Authorization",
                  "type": "string"
                }
              }
            ]
          ],
          "identity_schema_version": 0,
          "dependencies": [
            "coralogix_tco_policies_logs.apps",
            "data.coralogix_tco_policies_logs.existing"
          ]
        }
      ]
    },
    {
      "mode": "managed",
      "type": "coralogix_webhook",
      "name": "enable_tco_policy_app",
      "provider": "provider[\"registry.terraform.io/coralogix/coralogix\"]",
      "instances": [
        {
          "index_key": "zee-test",
          "schema_version": 0,
          "attributes": {
            "custom": {
              "headers": {
                "Authorization": "Bearer cxtp_ECljKMJH3IawafTn7QoJKShVziEzq9",
                "Content-Type": "application/json"
              },
              "headers_wo": null,
              "headers_wo_versions": null,
              "method": "put",
              "payload": "{\"applicationName\":{\"rule\":\"zee-test\",\"type\":\"Starts With\"},\"enabled\":true,\"name\":\"zee-test - Alert Managed Webhook\",\"order\":1,\"priority\":\"block\",\"severities\":[1,2,3,4,5,6]}",
              "url": "https://api.coralogix.in/api/v1/external/tco/policies/00d5d7a9-2995-4028-8ca6-9bd01548afd7",
              "uuid": "d13a3757-0adb-4267-8093-eea983ed87e2"
            },
            "demisto": null,
            "email_group": null,
            "event_bridge": null,
            "external_id": "559912",
            "id": "2614c637-3a8b-4921-ad2d-2cd8aaa87db3",
            "jira": null,
            "microsoft_teams": null,
            "microsoft_teams_workflow": null,
            "name": "Enable-TCO-App-BlockLogs-zee-test",
            "opsgenie": null,
            "pager_duty": null,
            "sendlog": null,
            "slack": null
          },
          "sensitive_attributes": [
            [
              {
                "type": "get_attr",
                "value": "custom"
              },
              {
                "type": "get_attr",
                "value": "headers"
              },
              {
                "type": "index",
                "value": {
                  "value": "Authorization",
                  "type": "string"
                }
              }
            ]
          ],
          "identity_schema_version": 0,
          "dependencies": [
            "coralogix_tco_policies_logs.apps",
            "data.coralogix_tco_policies_logs.existing"
          ]
        }
      ]
    },
    {
      "mode": "managed",
      "type": "coralogix_webhook",
      "name": "enable_tco_policy_subsystem",
      "provider": "provider[\"registry.terraform.io/coralogix/coralogix\"]",
      "instances": [
        {
          "index_key": "cx-rum",
          "schema_version": 0,
          "attributes": {
            "custom": {
              "headers": {
                "Authorization": "Bearer cxtp_ECljKMJH3IawafTn7QoJKShVziEzq9",
                "Content-Type": "application/json"
              },
              "headers_wo": null,
              "headers_wo_versions": null,
              "method": "put",
              "payload": "{\"enabled\":true,\"name\":\"cx-rum - Subsystem Alert Managed Webhook\",\"order\":1,\"priority\":\"block\",\"severities\":[1,2,3,4,5,6],\"subsystemName\":{\"rule\":\"cx-rum\",\"type\":\"Starts With\"}}",
              "url": "https://api.coralogix.in/api/v1/external/tco/policies/b461d186-03f5-4d14-8ba7-fb666fb66a04",
              "uuid": "9ccd183b-dacb-4b2b-9f58-00eb9081853d"
            },
            "demisto": null,
            "email_group": null,
            "event_bridge": null,
            "external_id": "559913",
            "id": "4d932caa-bd8a-4cdb-a1dd-008b228072ad",
            "jira": null,
            "microsoft_teams": null,
            "microsoft_teams_workflow": null,
            "name": "Enable-TCO-Subsystem-BlockLogs-cx-rum",
            "opsgenie": null,
            "pager_duty": null,
            "sendlog": null,
            "slack": null
          },
          "sensitive_attributes": [
            [
              {
                "type": "get_attr",
                "value": "custom"
              },
              {
                "type": "get_attr",
                "value": "headers"
              },
              {
                "type": "index",
                "value": {
                  "value": "Authorization",
                  "type": "string"
                }
              }
            ]
          ],
          "identity_schema_version": 0,
          "dependencies": [
            "coralogix_tco_policies_logs.apps",
            "data.coralogix_tco_policies_logs.existing"
          ]
        }
      ]
    }
  ],
  "check_results": null
}
